
Microsoft Visual Studio Solution File, Format Version 12.00
# Visual Studio 15
VisualStudioVersion = 15.0.27004.2002
MinimumVisualStudioVersion = 10.0.40219.1
Project("{FAE04EC0-301F-11D3-BF4B-00C04F79EFBC}") = "SaveMySkin", "SaveMySkin\SaveMySkin.csproj", "{A8E22885-53AF-488A-A0D5-87E8A5CDE2D2}"
EndProject
Global
	GlobalSection(SolutionConfigurationPlatforms) = preSolution
		Debug|Any CPU = Debug|Any CPU
		Release|Any CPU = Release|Any CPU
	EndGlobalSection
	GlobalSection(ProjectConfigurationPlatforms) = postSolution
		{A8E22885-53AF-488A-A0D5-87E8A5CDE2D2}.Debug|Any CPU.ActiveCfg = Debug|Any CPU
		{A8E22885-53AF-488A-A0D5-87E8A5CDE2D2}.Debug|Any CPU.Build.0 = Debug|Any CPU
		{A8E22885-53AF-488A-A0D5-87E8A5CDE2D2}.Release|Any CPU.ActiveCfg = Release|Any CPU
		{A8E22885-53AF-488A-A0D5-87E8A5CDE2D2}.Release|Any CPU.Build.0 = Release|Any CPU
	EndGlobalSection
	GlobalSection(SolutionProperties) = preSolution
		HideSolutionNode = FALSE
	EndGlobalSection
	GlobalSection(ExtensibilityGlobals) = postSolution
		SolutionGuid = {060B0BD4-3698-4C71-9DC6-AA68DFAB90AC}
	EndGlobalSection
EndGlobal
